
Microsoft Visual Studio Solution File, Format Version 12.00
# Visual Studio Version 17
VisualStudioVersion = 17.5.33530.505
MinimumVisualStudioVersion = 10.0.40219.1
Project("{FAE04EC0-301F-11D3-BF4B-00C04F79EFBC}") = "Merge Strings Alternately", "Merge Strings Alternately.csproj", "{15561063-7416-4181-9821-B85F22F773C6}"
EndProject
Global
	GlobalSection(SolutionConfigurationPlatforms) = preSolution
		Debug|Any CPU = Debug|Any CPU
		Release|Any CPU = Release|Any CPU
	EndGlobalSection
	GlobalSection(ProjectConfigurationPlatforms) = postSolution
		{15561063-7416-4181-9821-B85F22F773C6}.Debug|Any CPU.ActiveCfg = Debug|Any CPU
		{15561063-7416-4181-9821-B85F22F773C6}.Debug|Any CPU.Build.0 = Debug|Any CPU
		{15561063-7416-4181-9821-B85F22F773C6}.Release|Any CPU.ActiveCfg = Release|Any CPU
		{15561063-7416-4181-9821-B85F22F773C6}.Release|Any CPU.Build.0 = Release|Any CPU
	EndGlobalSection
	GlobalSection(SolutionProperties) = preSolution
		HideSolutionNode = FALSE
	EndGlobalSection
	GlobalSection(ExtensibilityGlobals) = postSolution
		SolutionGuid = {A1DCD180-5D25-4FD0-8DE9-C9D46E347EF7}
	EndGlobalSection
EndGlobal
