
Microsoft Visual Studio Solution File, Format Version 12.00
# Visual Studio Version 17
VisualStudioVersion = 17.5.33530.505
MinimumVisualStudioVersion = 10.0.40219.1
Project("{FAE04EC0-301F-11D3-BF4B-00C04F79EFBC}") = "Greatest Common Divisor of Strings", "Greatest Common Divisor of Strings.csproj", "{56E830B1-B236-46BD-AFA9-D194A0B4EA67}"
EndProject
Global
	GlobalSection(SolutionConfigurationPlatforms) = preSolution
		Debug|Any CPU = Debug|Any CPU
		Release|Any CPU = Release|Any CPU
	EndGlobalSection
	GlobalSection(ProjectConfigurationPlatforms) = postSolution
		{56E830B1-B236-46BD-AFA9-D194A0B4EA67}.Debug|Any CPU.ActiveCfg = Debug|Any CPU
		{56E830B1-B236-46BD-AFA9-D194A0B4EA67}.Debug|Any CPU.Build.0 = Debug|Any CPU
		{56E830B1-B236-46BD-AFA9-D194A0B4EA67}.Release|Any CPU.ActiveCfg = Release|Any CPU
		{56E830B1-B236-46BD-AFA9-D194A0B4EA67}.Release|Any CPU.Build.0 = Release|Any CPU
	EndGlobalSection
	GlobalSection(SolutionProperties) = preSolution
		HideSolutionNode = FALSE
	EndGlobalSection
	GlobalSection(ExtensibilityGlobals) = postSolution
		SolutionGuid = {81FA6BB5-74A9-4633-8CEC-DEEA0A7C2D85}
	EndGlobalSection
EndGlobal
